{
  "name": "backend",
  "lockfileVersion": 3,
  "requires": true,
  "packages": {
    "": {
      "dependencies": {
        "backend": "file:.."
      }
    },
    "..": {
      "version": "1.0.0",
      "dependencies": {
        "@aspectjs/common": "^1.0.0-beta.10",
        "@aspectjs/core": "^1.0.0-beta.10",
        "body-parser": "^1.20.2",
        "cookie-parser": "^1.4.6",
        "cors": "^2.8.5",
        "express": "^4.18.2"
      }
    },
    "node_modules/backend": {
      "resolved": "..",
      "link": true
    }
  }
}
